
Microsoft Visual Studio Solution File, Format Version 12.00
# Visual Studio Version 16
VisualStudioVersion = 16.0.30114.105
MinimumVisualStudioVersion = 10.0.40219.1
Project("{FAE04EC0-301F-11D3-BF4B-00C04F79EFBC}") = "ImageProcBrightnessXamarinDroid", "ImageProcBrightnessXamarinDroid.csproj", "{255C0B17-EDB9-4C11-B1E2-DD1A9586F4B5}"
EndProject
Global
	GlobalSection(SolutionConfigurationPlatforms) = preSolution
		Debug|Any CPU = Debug|Any CPU
		Release|Any CPU = Release|Any CPU
	EndGlobalSection
	GlobalSection(ProjectConfigurationPlatforms) = postSolution
		{255C0B17-EDB9-4C11-B1E2-DD1A9586F4B5}.Debug|Any CPU.ActiveCfg = Debug|Any CPU
		{255C0B17-EDB9-4C11-B1E2-DD1A9586F4B5}.Debug|Any CPU.Build.0 = Debug|Any CPU
		{255C0B17-EDB9-4C11-B1E2-DD1A9586F4B5}.Debug|Any CPU.Deploy.0 = Debug|Any CPU
		{255C0B17-EDB9-4C11-B1E2-DD1A9586F4B5}.Release|Any CPU.ActiveCfg = Release|Any CPU
		{255C0B17-EDB9-4C11-B1E2-DD1A9586F4B5}.Release|Any CPU.Build.0 = Release|Any CPU
		{255C0B17-EDB9-4C11-B1E2-DD1A9586F4B5}.Release|Any CPU.Deploy.0 = Release|Any CPU
	EndGlobalSection
	GlobalSection(SolutionProperties) = preSolution
		HideSolutionNode = FALSE
	EndGlobalSection
	GlobalSection(ExtensibilityGlobals) = postSolution
		SolutionGuid = {499D81F5-8CE8-473A-83B6-0408600AA479}
	EndGlobalSection
EndGlobal
